{
  "name": "vedantmane12-profile",
  "lockfileVersion": 3,
  "requires": true,
  "packages": {
    "": {
      "name": "vedantmane12-profile",
      "devDependencies": {
        "simple-icons": "^16.28.0"
      }
    },
    "node_modules/simple-icons": {
      "version": "16.28.0",
      "resolved": "https://registry.npmjs.org/simple-icons/-/simple-icons-16.28.0.tgz",
      "integrity": "sha512-sQPR5AtK/ijRjou7zw7mlLp08oB6FH7i0lOy5XJ2zp9mJs/yejgiOn7KvQoe2q4YJIx6VmgUSW5AOefebPt5kg==",
      "dev": true,
      "funding": [
        {
          "type": "opencollective",
          "url": "https://opencollective.com/simple-icons"
        },
        {
          "type": "github",
          "url": "https://github.com/sponsors/simple-icons"
        }
      ],
      "license": "CC0-1.0",
      "engines": {
        "node": ">=0.12.18"
      }
    }
  }
}
